
Microsoft Visual Studio Solution File, Format Version 12.00
# Visual Studio Version 17
VisualStudioVersion = 17.4.32916.344
MinimumVisualStudioVersion = 10.0.40219.1
Project("{2150E333-8FDC-42A3-9474-1A3956D46DE8}") = "Samples", "Samples", "{3C5A7AC8-E8CC-40D6-B472-A693F742152A}"
EndProject
Project("{9A19103F-16F7-4668-BE54-9A1E7A4F7556}") = "Library1", "Library1\Library1.csproj", "{2BFDB11F-9503-4898-B348-BBE053A166B4}"
EndProject
Project("{9A19103F-16F7-4668-BE54-9A1E7A4F7556}") = "ConsoleApp", "ConsoleApp\ConsoleApp.csproj", "{26EF99DB-D846-4F65-929D-D7E3E820423A}"
EndProject
Project("{FAE04EC0-301F-11D3-BF4B-00C04F79EFBC}") = "Library2", "Library2\Library2.csproj", "{628BF7AC-CADB-E845-D0A3-82D0FCBCA4DC}"
EndProject
Global
	GlobalSection(SolutionConfigurationPlatforms) = preSolution
		Debug|Any CPU = Debug|Any CPU
		Release|Any CPU = Release|Any CPU
	EndGlobalSection
	GlobalSection(ProjectConfigurationPlatforms) = postSolution
		{2BFDB11F-9503-4898-B348-BBE053A166B4}.Debug|Any CPU.ActiveCfg = Debug|Any CPU
		{2BFDB11F-9503-4898-B348-BBE053A166B4}.Debug|Any CPU.Build.0 = Debug|Any CPU
		{2BFDB11F-9503-4898-B348-BBE053A166B4}.Release|Any CPU.ActiveCfg = Release|Any CPU
		{2BFDB11F-9503-4898-B348-BBE053A166B4}.Release|Any CPU.Build.0 = Release|Any CPU
		{26EF99DB-D846-4F65-929D-D7E3E820423A}.Debug|Any CPU.ActiveCfg = Debug|Any CPU
		{26EF99DB-D846-4F65-929D-D7E3E820423A}.Debug|Any CPU.Build.0 = Debug|Any CPU
		{26EF99DB-D846-4F65-929D-D7E3E820423A}.Release|Any CPU.ActiveCfg = Release|Any CPU
		{26EF99DB-D846-4F65-929D-D7E3E820423A}.Release|Any CPU.Build.0 = Release|Any CPU
		{628BF7AC-CADB-E845-D0A3-82D0FCBCA4DC}.Debug|Any CPU.ActiveCfg = Debug|Any CPU
		{628BF7AC-CADB-E845-D0A3-82D0FCBCA4DC}.Debug|Any CPU.Build.0 = Debug|Any CPU
		{628BF7AC-CADB-E845-D0A3-82D0FCBCA4DC}.Release|Any CPU.ActiveCfg = Release|Any CPU
		{628BF7AC-CADB-E845-D0A3-82D0FCBCA4DC}.Release|Any CPU.Build.0 = Release|Any CPU
	EndGlobalSection
	GlobalSection(SolutionProperties) = preSolution
		HideSolutionNode = FALSE
	EndGlobalSection
	GlobalSection(NestedProjects) = preSolution
		{2BFDB11F-9503-4898-B348-BBE053A166B4} = {3C5A7AC8-E8CC-40D6-B472-A693F742152A}
		{26EF99DB-D846-4F65-929D-D7E3E820423A} = {3C5A7AC8-E8CC-40D6-B472-A693F742152A}
		{628BF7AC-CADB-E845-D0A3-82D0FCBCA4DC} = {3C5A7AC8-E8CC-40D6-B472-A693F742152A}
	EndGlobalSection
	GlobalSection(ExtensibilityGlobals) = postSolution
		SolutionGuid = {0B87CEC2-BB4D-4DAC-9C64-EB24C968C5D8}
	EndGlobalSection
EndGlobal
